
Microsoft Visual Studio Solution File, Format Version 12.00
# Visual Studio Version 17
VisualStudioVersion = 17.14.36203.30 d17.14
MinimumVisualStudioVersion = 10.0.40219.1
Project("{8BC9CEB8-8B4A-11D0-8D11-00A0C91BC942}") = "leetcode_Q2566", "leetcode_Q2566.vcxproj", "{100B9AD4-7218-464E-B068-18F0BAA78A31}"
EndProject
Global
	GlobalSection(SolutionConfigurationPlatforms) = preSolution
		Debug|x64 = Debug|x64
		Debug|x86 = Debug|x86
		Release|x64 = Release|x64
		Release|x86 = Release|x86
	EndGlobalSection
	GlobalSection(ProjectConfigurationPlatforms) = postSolution
		{100B9AD4-7218-464E-B068-18F0BAA78A31}.Debug|x64.ActiveCfg = Debug|x64
		{100B9AD4-7218-464E-B068-18F0BAA78A31}.Debug|x64.Build.0 = Debug|x64
		{100B9AD4-7218-464E-B068-18F0BAA78A31}.Debug|x86.ActiveCfg = Debug|Win32
		{100B9AD4-7218-464E-B068-18F0BAA78A31}.Debug|x86.Build.0 = Debug|Win32
		{100B9AD4-7218-464E-B068-18F0BAA78A31}.Release|x64.ActiveCfg = Release|x64
		{100B9AD4-7218-464E-B068-18F0BAA78A31}.Release|x64.Build.0 = Release|x64
		{100B9AD4-7218-464E-B068-18F0BAA78A31}.Release|x86.ActiveCfg = Release|Win32
		{100B9AD4-7218-464E-B068-18F0BAA78A31}.Release|x86.Build.0 = Release|Win32
	EndGlobalSection
	GlobalSection(SolutionProperties) = preSolution
		HideSolutionNode = FALSE
	EndGlobalSection
	GlobalSection(ExtensibilityGlobals) = postSolution
		SolutionGuid = {9B8384B9-9691-4D73-881F-E16C6D8A589C}
	EndGlobalSection
EndGlobal
