
Microsoft Visual Studio Solution File, Format Version 12.00
# Visual Studio Version 17
VisualStudioVersion = 17.8.34316.72
MinimumVisualStudioVersion = 10.0.40219.1
Project("{8BC9CEB8-8B4A-11D0-8D11-00A0C91BC942}") = "leetcode_Q0036", "leetcode_Q0036\leetcode_Q0036.vcxproj", "{517E5155-8B2F-4A79-B4E9-D4D1A604F13C}"
EndProject
Global
	GlobalSection(SolutionConfigurationPlatforms) = preSolution
		Debug|x64 = Debug|x64
		Debug|x86 = Debug|x86
		Release|x64 = Release|x64
		Release|x86 = Release|x86
	EndGlobalSection
	GlobalSection(ProjectConfigurationPlatforms) = postSolution
		{517E5155-8B2F-4A79-B4E9-D4D1A604F13C}.Debug|x64.ActiveCfg = Debug|x64
		{517E5155-8B2F-4A79-B4E9-D4D1A604F13C}.Debug|x64.Build.0 = Debug|x64
		{517E5155-8B2F-4A79-B4E9-D4D1A604F13C}.Debug|x86.ActiveCfg = Debug|Win32
		{517E5155-8B2F-4A79-B4E9-D4D1A604F13C}.Debug|x86.Build.0 = Debug|Win32
		{517E5155-8B2F-4A79-B4E9-D4D1A604F13C}.Release|x64.ActiveCfg = Release|x64
		{517E5155-8B2F-4A79-B4E9-D4D1A604F13C}.Release|x64.Build.0 = Release|x64
		{517E5155-8B2F-4A79-B4E9-D4D1A604F13C}.Release|x86.ActiveCfg = Release|Win32
		{517E5155-8B2F-4A79-B4E9-D4D1A604F13C}.Release|x86.Build.0 = Release|Win32
	EndGlobalSection
	GlobalSection(SolutionProperties) = preSolution
		HideSolutionNode = FALSE
	EndGlobalSection
	GlobalSection(ExtensibilityGlobals) = postSolution
		SolutionGuid = {CDE01F4C-5F0E-46C5-94BB-2E0D8397B16F}
	EndGlobalSection
EndGlobal
