
Microsoft Visual Studio Solution File, Format Version 12.00
# Visual Studio Version 17
VisualStudioVersion = 17.13.35919.96 d17.13
MinimumVisualStudioVersion = 10.0.40219.1
Project("{8BC9CEB8-8B4A-11D0-8D11-00A0C91BC942}") = "leetcode_Q0416", "leetcode_Q0416.vcxproj", "{037F713E-3178-4AA3-9609-2E2A5F45549E}"
EndProject
Global
	GlobalSection(SolutionConfigurationPlatforms) = preSolution
		Debug|x64 = Debug|x64
		Debug|x86 = Debug|x86
		Release|x64 = Release|x64
		Release|x86 = Release|x86
	EndGlobalSection
	GlobalSection(ProjectConfigurationPlatforms) = postSolution
		{037F713E-3178-4AA3-9609-2E2A5F45549E}.Debug|x64.ActiveCfg = Debug|x64
		{037F713E-3178-4AA3-9609-2E2A5F45549E}.Debug|x64.Build.0 = Debug|x64
		{037F713E-3178-4AA3-9609-2E2A5F45549E}.Debug|x86.ActiveCfg = Debug|Win32
		{037F713E-3178-4AA3-9609-2E2A5F45549E}.Debug|x86.Build.0 = Debug|Win32
		{037F713E-3178-4AA3-9609-2E2A5F45549E}.Release|x64.ActiveCfg = Release|x64
		{037F713E-3178-4AA3-9609-2E2A5F45549E}.Release|x64.Build.0 = Release|x64
		{037F713E-3178-4AA3-9609-2E2A5F45549E}.Release|x86.ActiveCfg = Release|Win32
		{037F713E-3178-4AA3-9609-2E2A5F45549E}.Release|x86.Build.0 = Release|Win32
	EndGlobalSection
	GlobalSection(SolutionProperties) = preSolution
		HideSolutionNode = FALSE
	EndGlobalSection
	GlobalSection(ExtensibilityGlobals) = postSolution
		SolutionGuid = {47D27411-3967-404F-A3AA-8FC0739CA86E}
	EndGlobalSection
EndGlobal
