
Microsoft Visual Studio Solution File, Format Version 12.00
# Visual Studio Version 17
VisualStudioVersion = 17.9.34607.119
MinimumVisualStudioVersion = 10.0.40219.1
Project("{8BC9CEB8-8B4A-11D0-8D11-00A0C91BC942}") = "leetcode_Q1481", "leetcode_Q1481\leetcode_Q1481.vcxproj", "{E320C222-6427-42B3-9075-607385ED331B}"
EndProject
Global
	GlobalSection(SolutionConfigurationPlatforms) = preSolution
		Debug|x64 = Debug|x64
		Debug|x86 = Debug|x86
		Release|x64 = Release|x64
		Release|x86 = Release|x86
	EndGlobalSection
	GlobalSection(ProjectConfigurationPlatforms) = postSolution
		{E320C222-6427-42B3-9075-607385ED331B}.Debug|x64.ActiveCfg = Debug|x64
		{E320C222-6427-42B3-9075-607385ED331B}.Debug|x64.Build.0 = Debug|x64
		{E320C222-6427-42B3-9075-607385ED331B}.Debug|x86.ActiveCfg = Debug|Win32
		{E320C222-6427-42B3-9075-607385ED331B}.Debug|x86.Build.0 = Debug|Win32
		{E320C222-6427-42B3-9075-607385ED331B}.Release|x64.ActiveCfg = Release|x64
		{E320C222-6427-42B3-9075-607385ED331B}.Release|x64.Build.0 = Release|x64
		{E320C222-6427-42B3-9075-607385ED331B}.Release|x86.ActiveCfg = Release|Win32
		{E320C222-6427-42B3-9075-607385ED331B}.Release|x86.Build.0 = Release|Win32
	EndGlobalSection
	GlobalSection(SolutionProperties) = preSolution
		HideSolutionNode = FALSE
	EndGlobalSection
	GlobalSection(ExtensibilityGlobals) = postSolution
		SolutionGuid = {BF8D5B59-95F3-42B1-9920-1FFA4411BF96}
	EndGlobalSection
EndGlobal
