
Microsoft Visual Studio Solution File, Format Version 12.00
# Visual Studio Version 17
VisualStudioVersion = 17.13.35825.156 d17.13
MinimumVisualStudioVersion = 10.0.40219.1
Project("{8BC9CEB8-8B4A-11D0-8D11-00A0C91BC942}") = "leetcode_Q2529", "leetcode_Q2529.vcxproj", "{B93BACEE-FFD3-4FC5-A63E-E8D89479CE28}"
EndProject
Global
	GlobalSection(SolutionConfigurationPlatforms) = preSolution
		Debug|x64 = Debug|x64
		Debug|x86 = Debug|x86
		Release|x64 = Release|x64
		Release|x86 = Release|x86
	EndGlobalSection
	GlobalSection(ProjectConfigurationPlatforms) = postSolution
		{B93BACEE-FFD3-4FC5-A63E-E8D89479CE28}.Debug|x64.ActiveCfg = Debug|x64
		{B93BACEE-FFD3-4FC5-A63E-E8D89479CE28}.Debug|x64.Build.0 = Debug|x64
		{B93BACEE-FFD3-4FC5-A63E-E8D89479CE28}.Debug|x86.ActiveCfg = Debug|Win32
		{B93BACEE-FFD3-4FC5-A63E-E8D89479CE28}.Debug|x86.Build.0 = Debug|Win32
		{B93BACEE-FFD3-4FC5-A63E-E8D89479CE28}.Release|x64.ActiveCfg = Release|x64
		{B93BACEE-FFD3-4FC5-A63E-E8D89479CE28}.Release|x64.Build.0 = Release|x64
		{B93BACEE-FFD3-4FC5-A63E-E8D89479CE28}.Release|x86.ActiveCfg = Release|Win32
		{B93BACEE-FFD3-4FC5-A63E-E8D89479CE28}.Release|x86.Build.0 = Release|Win32
	EndGlobalSection
	GlobalSection(SolutionProperties) = preSolution
		HideSolutionNode = FALSE
	EndGlobalSection
	GlobalSection(ExtensibilityGlobals) = postSolution
		SolutionGuid = {CF3955D1-EE3A-4EB9-8F9C-6833554AACD8}
	EndGlobalSection
EndGlobal
