
Microsoft Visual Studio Solution File, Format Version 12.00
# Visual Studio Version 17
VisualStudioVersion = 17.11.35312.102
MinimumVisualStudioVersion = 10.0.40219.1
Project("{8BC9CEB8-8B4A-11D0-8D11-00A0C91BC942}") = "leetcode_Q1963", "leetcode_Q1963.vcxproj", "{AFB1A20E-393F-4939-ABEE-8FA644F8AB61}"
EndProject
Global
	GlobalSection(SolutionConfigurationPlatforms) = preSolution
		Debug|x64 = Debug|x64
		Debug|x86 = Debug|x86
		Release|x64 = Release|x64
		Release|x86 = Release|x86
	EndGlobalSection
	GlobalSection(ProjectConfigurationPlatforms) = postSolution
		{AFB1A20E-393F-4939-ABEE-8FA644F8AB61}.Debug|x64.ActiveCfg = Debug|x64
		{AFB1A20E-393F-4939-ABEE-8FA644F8AB61}.Debug|x64.Build.0 = Debug|x64
		{AFB1A20E-393F-4939-ABEE-8FA644F8AB61}.Debug|x86.ActiveCfg = Debug|Win32
		{AFB1A20E-393F-4939-ABEE-8FA644F8AB61}.Debug|x86.Build.0 = Debug|Win32
		{AFB1A20E-393F-4939-ABEE-8FA644F8AB61}.Release|x64.ActiveCfg = Release|x64
		{AFB1A20E-393F-4939-ABEE-8FA644F8AB61}.Release|x64.Build.0 = Release|x64
		{AFB1A20E-393F-4939-ABEE-8FA644F8AB61}.Release|x86.ActiveCfg = Release|Win32
		{AFB1A20E-393F-4939-ABEE-8FA644F8AB61}.Release|x86.Build.0 = Release|Win32
	EndGlobalSection
	GlobalSection(SolutionProperties) = preSolution
		HideSolutionNode = FALSE
	EndGlobalSection
	GlobalSection(ExtensibilityGlobals) = postSolution
		SolutionGuid = {D53ABC4B-A516-4D57-B350-AEB1C7CD9372}
	EndGlobalSection
EndGlobal
