
Microsoft Visual Studio Solution File, Format Version 12.00
# Visual Studio Version 17
VisualStudioVersion = 17.14.36202.13 d17.14
MinimumVisualStudioVersion = 10.0.40219.1
Project("{8BC9CEB8-8B4A-11D0-8D11-00A0C91BC942}") = "leetcode_Q2927", "leetcode_Q2927.vcxproj", "{E0FBAD02-8A17-4E28-B99C-8C9B97CE460A}"
EndProject
Global
	GlobalSection(SolutionConfigurationPlatforms) = preSolution
		Debug|x64 = Debug|x64
		Debug|x86 = Debug|x86
		Release|x64 = Release|x64
		Release|x86 = Release|x86
	EndGlobalSection
	GlobalSection(ProjectConfigurationPlatforms) = postSolution
		{E0FBAD02-8A17-4E28-B99C-8C9B97CE460A}.Debug|x64.ActiveCfg = Debug|x64
		{E0FBAD02-8A17-4E28-B99C-8C9B97CE460A}.Debug|x64.Build.0 = Debug|x64
		{E0FBAD02-8A17-4E28-B99C-8C9B97CE460A}.Debug|x86.ActiveCfg = Debug|Win32
		{E0FBAD02-8A17-4E28-B99C-8C9B97CE460A}.Debug|x86.Build.0 = Debug|Win32
		{E0FBAD02-8A17-4E28-B99C-8C9B97CE460A}.Release|x64.ActiveCfg = Release|x64
		{E0FBAD02-8A17-4E28-B99C-8C9B97CE460A}.Release|x64.Build.0 = Release|x64
		{E0FBAD02-8A17-4E28-B99C-8C9B97CE460A}.Release|x86.ActiveCfg = Release|Win32
		{E0FBAD02-8A17-4E28-B99C-8C9B97CE460A}.Release|x86.Build.0 = Release|Win32
	EndGlobalSection
	GlobalSection(SolutionProperties) = preSolution
		HideSolutionNode = FALSE
	EndGlobalSection
	GlobalSection(ExtensibilityGlobals) = postSolution
		SolutionGuid = {67E559B6-A735-48BC-B041-E83FD2202EB3}
	EndGlobalSection
EndGlobal
