
Microsoft Visual Studio Solution File, Format Version 12.00
# Visual Studio Version 17
VisualStudioVersion = 17.8.34330.188
MinimumVisualStudioVersion = 10.0.40219.1
Project("{8BC9CEB8-8B4A-11D0-8D11-00A0C91BC942}") = "leetcode_Q0129", "leetcode_Q0129\leetcode_Q0129.vcxproj", "{E335D836-722F-4BBA-A868-AD173A1DD5AB}"
EndProject
Global
	GlobalSection(SolutionConfigurationPlatforms) = preSolution
		Debug|x64 = Debug|x64
		Debug|x86 = Debug|x86
		Release|x64 = Release|x64
		Release|x86 = Release|x86
	EndGlobalSection
	GlobalSection(ProjectConfigurationPlatforms) = postSolution
		{E335D836-722F-4BBA-A868-AD173A1DD5AB}.Debug|x64.ActiveCfg = Debug|x64
		{E335D836-722F-4BBA-A868-AD173A1DD5AB}.Debug|x64.Build.0 = Debug|x64
		{E335D836-722F-4BBA-A868-AD173A1DD5AB}.Debug|x86.ActiveCfg = Debug|Win32
		{E335D836-722F-4BBA-A868-AD173A1DD5AB}.Debug|x86.Build.0 = Debug|Win32
		{E335D836-722F-4BBA-A868-AD173A1DD5AB}.Release|x64.ActiveCfg = Release|x64
		{E335D836-722F-4BBA-A868-AD173A1DD5AB}.Release|x64.Build.0 = Release|x64
		{E335D836-722F-4BBA-A868-AD173A1DD5AB}.Release|x86.ActiveCfg = Release|Win32
		{E335D836-722F-4BBA-A868-AD173A1DD5AB}.Release|x86.Build.0 = Release|Win32
	EndGlobalSection
	GlobalSection(SolutionProperties) = preSolution
		HideSolutionNode = FALSE
	EndGlobalSection
	GlobalSection(ExtensibilityGlobals) = postSolution
		SolutionGuid = {0B08E42F-8AC3-4084-8EFB-F85FF49537E3}
	EndGlobalSection
EndGlobal
