
Microsoft Visual Studio Solution File, Format Version 12.00
# Visual Studio Version 17
VisualStudioVersion = 17.14.36327.8 d17.14
MinimumVisualStudioVersion = 10.0.40219.1
Project("{8BC9CEB8-8B4A-11D0-8D11-00A0C91BC942}") = "leetcode_Q3363", "leetcode_Q3363.vcxproj", "{B1177A63-1A19-46CC-B2CA-959C4C17AE6A}"
EndProject
Global
	GlobalSection(SolutionConfigurationPlatforms) = preSolution
		Debug|x64 = Debug|x64
		Debug|x86 = Debug|x86
		Release|x64 = Release|x64
		Release|x86 = Release|x86
	EndGlobalSection
	GlobalSection(ProjectConfigurationPlatforms) = postSolution
		{B1177A63-1A19-46CC-B2CA-959C4C17AE6A}.Debug|x64.ActiveCfg = Debug|x64
		{B1177A63-1A19-46CC-B2CA-959C4C17AE6A}.Debug|x64.Build.0 = Debug|x64
		{B1177A63-1A19-46CC-B2CA-959C4C17AE6A}.Debug|x86.ActiveCfg = Debug|Win32
		{B1177A63-1A19-46CC-B2CA-959C4C17AE6A}.Debug|x86.Build.0 = Debug|Win32
		{B1177A63-1A19-46CC-B2CA-959C4C17AE6A}.Release|x64.ActiveCfg = Release|x64
		{B1177A63-1A19-46CC-B2CA-959C4C17AE6A}.Release|x64.Build.0 = Release|x64
		{B1177A63-1A19-46CC-B2CA-959C4C17AE6A}.Release|x86.ActiveCfg = Release|Win32
		{B1177A63-1A19-46CC-B2CA-959C4C17AE6A}.Release|x86.Build.0 = Release|Win32
	EndGlobalSection
	GlobalSection(SolutionProperties) = preSolution
		HideSolutionNode = FALSE
	EndGlobalSection
	GlobalSection(ExtensibilityGlobals) = postSolution
		SolutionGuid = {260D86AD-468D-4F52-A15B-1C0836096A5A}
	EndGlobalSection
EndGlobal
