
Microsoft Visual Studio Solution File, Format Version 12.00
# Visual Studio Version 17
VisualStudioVersion = 17.11.35327.3
MinimumVisualStudioVersion = 10.0.40219.1
Project("{8BC9CEB8-8B4A-11D0-8D11-00A0C91BC942}") = "leetcode_Q2463", "leetcode_Q2463.vcxproj", "{D530334C-E264-48E8-BC23-3C858386DD22}"
EndProject
Global
	GlobalSection(SolutionConfigurationPlatforms) = preSolution
		Debug|x64 = Debug|x64
		Debug|x86 = Debug|x86
		Release|x64 = Release|x64
		Release|x86 = Release|x86
	EndGlobalSection
	GlobalSection(ProjectConfigurationPlatforms) = postSolution
		{D530334C-E264-48E8-BC23-3C858386DD22}.Debug|x64.ActiveCfg = Debug|x64
		{D530334C-E264-48E8-BC23-3C858386DD22}.Debug|x64.Build.0 = Debug|x64
		{D530334C-E264-48E8-BC23-3C858386DD22}.Debug|x86.ActiveCfg = Debug|Win32
		{D530334C-E264-48E8-BC23-3C858386DD22}.Debug|x86.Build.0 = Debug|Win32
		{D530334C-E264-48E8-BC23-3C858386DD22}.Release|x64.ActiveCfg = Release|x64
		{D530334C-E264-48E8-BC23-3C858386DD22}.Release|x64.Build.0 = Release|x64
		{D530334C-E264-48E8-BC23-3C858386DD22}.Release|x86.ActiveCfg = Release|Win32
		{D530334C-E264-48E8-BC23-3C858386DD22}.Release|x86.Build.0 = Release|Win32
	EndGlobalSection
	GlobalSection(SolutionProperties) = preSolution
		HideSolutionNode = FALSE
	EndGlobalSection
	GlobalSection(ExtensibilityGlobals) = postSolution
		SolutionGuid = {E24DE880-3FDA-4FBF-A8FA-2C3682146D39}
	EndGlobalSection
EndGlobal
