
Microsoft Visual Studio Solution File, Format Version 12.00
# Visual Studio Version 17
VisualStudioVersion = 17.9.34902.65
MinimumVisualStudioVersion = 10.0.40219.1
Project("{8BC9CEB8-8B4A-11D0-8D11-00A0C91BC942}") = "leetcode_Q2061", "leetcode_Q2061.vcxproj", "{91F73A5E-AAC2-44D5-A9BF-1B9DA2F039AD}"
EndProject
Global
	GlobalSection(SolutionConfigurationPlatforms) = preSolution
		Debug|x64 = Debug|x64
		Debug|x86 = Debug|x86
		Release|x64 = Release|x64
		Release|x86 = Release|x86
	EndGlobalSection
	GlobalSection(ProjectConfigurationPlatforms) = postSolution
		{91F73A5E-AAC2-44D5-A9BF-1B9DA2F039AD}.Debug|x64.ActiveCfg = Debug|x64
		{91F73A5E-AAC2-44D5-A9BF-1B9DA2F039AD}.Debug|x64.Build.0 = Debug|x64
		{91F73A5E-AAC2-44D5-A9BF-1B9DA2F039AD}.Debug|x86.ActiveCfg = Debug|Win32
		{91F73A5E-AAC2-44D5-A9BF-1B9DA2F039AD}.Debug|x86.Build.0 = Debug|Win32
		{91F73A5E-AAC2-44D5-A9BF-1B9DA2F039AD}.Release|x64.ActiveCfg = Release|x64
		{91F73A5E-AAC2-44D5-A9BF-1B9DA2F039AD}.Release|x64.Build.0 = Release|x64
		{91F73A5E-AAC2-44D5-A9BF-1B9DA2F039AD}.Release|x86.ActiveCfg = Release|Win32
		{91F73A5E-AAC2-44D5-A9BF-1B9DA2F039AD}.Release|x86.Build.0 = Release|Win32
	EndGlobalSection
	GlobalSection(SolutionProperties) = preSolution
		HideSolutionNode = FALSE
	EndGlobalSection
	GlobalSection(ExtensibilityGlobals) = postSolution
		SolutionGuid = {2B461C68-F436-461E-9CFE-5BCA53439961}
	EndGlobalSection
EndGlobal
