
Microsoft Visual Studio Solution File, Format Version 12.00
# Visual Studio Version 17
VisualStudioVersion = 17.14.36603.0 d17.14
MinimumVisualStudioVersion = 10.0.40219.1
Project("{8BC9CEB8-8B4A-11D0-8D11-00A0C91BC942}") = "leetcode_Q2598", "leetcode_Q2598.vcxproj", "{C594AF78-FAEF-4758-A163-AC161E00FEED}"
EndProject
Global
	GlobalSection(SolutionConfigurationPlatforms) = preSolution
		Debug|x64 = Debug|x64
		Debug|x86 = Debug|x86
		Release|x64 = Release|x64
		Release|x86 = Release|x86
	EndGlobalSection
	GlobalSection(ProjectConfigurationPlatforms) = postSolution
		{C594AF78-FAEF-4758-A163-AC161E00FEED}.Debug|x64.ActiveCfg = Debug|x64
		{C594AF78-FAEF-4758-A163-AC161E00FEED}.Debug|x64.Build.0 = Debug|x64
		{C594AF78-FAEF-4758-A163-AC161E00FEED}.Debug|x86.ActiveCfg = Debug|Win32
		{C594AF78-FAEF-4758-A163-AC161E00FEED}.Debug|x86.Build.0 = Debug|Win32
		{C594AF78-FAEF-4758-A163-AC161E00FEED}.Release|x64.ActiveCfg = Release|x64
		{C594AF78-FAEF-4758-A163-AC161E00FEED}.Release|x64.Build.0 = Release|x64
		{C594AF78-FAEF-4758-A163-AC161E00FEED}.Release|x86.ActiveCfg = Release|Win32
		{C594AF78-FAEF-4758-A163-AC161E00FEED}.Release|x86.Build.0 = Release|Win32
	EndGlobalSection
	GlobalSection(SolutionProperties) = preSolution
		HideSolutionNode = FALSE
	EndGlobalSection
	GlobalSection(ExtensibilityGlobals) = postSolution
		SolutionGuid = {AAAEA2F2-9BCD-4044-9E0C-387CB0E31386}
	EndGlobalSection
EndGlobal
