
Microsoft Visual Studio Solution File, Format Version 12.00
# Visual Studio Version 17
VisualStudioVersion = 17.11.35327.3
MinimumVisualStudioVersion = 10.0.40219.1
Project("{8BC9CEB8-8B4A-11D0-8D11-00A0C91BC942}") = "leetcode_Q1106", "leetcode_Q1106.vcxproj", "{2C5A3793-1631-4192-A907-E89845F9818A}"
EndProject
Global
	GlobalSection(SolutionConfigurationPlatforms) = preSolution
		Debug|x64 = Debug|x64
		Debug|x86 = Debug|x86
		Release|x64 = Release|x64
		Release|x86 = Release|x86
	EndGlobalSection
	GlobalSection(ProjectConfigurationPlatforms) = postSolution
		{2C5A3793-1631-4192-A907-E89845F9818A}.Debug|x64.ActiveCfg = Debug|x64
		{2C5A3793-1631-4192-A907-E89845F9818A}.Debug|x64.Build.0 = Debug|x64
		{2C5A3793-1631-4192-A907-E89845F9818A}.Debug|x86.ActiveCfg = Debug|Win32
		{2C5A3793-1631-4192-A907-E89845F9818A}.Debug|x86.Build.0 = Debug|Win32
		{2C5A3793-1631-4192-A907-E89845F9818A}.Release|x64.ActiveCfg = Release|x64
		{2C5A3793-1631-4192-A907-E89845F9818A}.Release|x64.Build.0 = Release|x64
		{2C5A3793-1631-4192-A907-E89845F9818A}.Release|x86.ActiveCfg = Release|Win32
		{2C5A3793-1631-4192-A907-E89845F9818A}.Release|x86.Build.0 = Release|Win32
	EndGlobalSection
	GlobalSection(SolutionProperties) = preSolution
		HideSolutionNode = FALSE
	EndGlobalSection
	GlobalSection(ExtensibilityGlobals) = postSolution
		SolutionGuid = {DF1B61A6-0C3A-4478-BD3D-4CEA22707A0B}
	EndGlobalSection
EndGlobal
