
Microsoft Visual Studio Solution File, Format Version 12.00
# Visual Studio Version 17
VisualStudioVersion = 17.11.35208.52
MinimumVisualStudioVersion = 10.0.40219.1
Project("{8BC9CEB8-8B4A-11D0-8D11-00A0C91BC942}") = "leetcode_Q0264", "leetcode_Q0264.vcxproj", "{0E3190FF-054E-461F-913C-A3F6375D70E4}"
EndProject
Global
	GlobalSection(SolutionConfigurationPlatforms) = preSolution
		Debug|x64 = Debug|x64
		Debug|x86 = Debug|x86
		Release|x64 = Release|x64
		Release|x86 = Release|x86
	EndGlobalSection
	GlobalSection(ProjectConfigurationPlatforms) = postSolution
		{0E3190FF-054E-461F-913C-A3F6375D70E4}.Debug|x64.ActiveCfg = Debug|x64
		{0E3190FF-054E-461F-913C-A3F6375D70E4}.Debug|x64.Build.0 = Debug|x64
		{0E3190FF-054E-461F-913C-A3F6375D70E4}.Debug|x86.ActiveCfg = Debug|Win32
		{0E3190FF-054E-461F-913C-A3F6375D70E4}.Debug|x86.Build.0 = Debug|Win32
		{0E3190FF-054E-461F-913C-A3F6375D70E4}.Release|x64.ActiveCfg = Release|x64
		{0E3190FF-054E-461F-913C-A3F6375D70E4}.Release|x64.Build.0 = Release|x64
		{0E3190FF-054E-461F-913C-A3F6375D70E4}.Release|x86.ActiveCfg = Release|Win32
		{0E3190FF-054E-461F-913C-A3F6375D70E4}.Release|x86.Build.0 = Release|Win32
	EndGlobalSection
	GlobalSection(SolutionProperties) = preSolution
		HideSolutionNode = FALSE
	EndGlobalSection
	GlobalSection(ExtensibilityGlobals) = postSolution
		SolutionGuid = {93C4CA5A-0AB2-49A2-88A7-3117C336380D}
	EndGlobalSection
EndGlobal
