
Microsoft Visual Studio Solution File, Format Version 12.00
# Visual Studio Version 17
VisualStudioVersion = 17.8.34525.116
MinimumVisualStudioVersion = 10.0.40219.1
Project("{8BC9CEB8-8B4A-11D0-8D11-00A0C91BC942}") = "leetcode_Q1291", "leetcode_Q1291\leetcode_Q1291.vcxproj", "{CDC29F03-BA02-43CA-89AB-D6A5BC839CA2}"
EndProject
Global
	GlobalSection(SolutionConfigurationPlatforms) = preSolution
		Debug|x64 = Debug|x64
		Debug|x86 = Debug|x86
		Release|x64 = Release|x64
		Release|x86 = Release|x86
	EndGlobalSection
	GlobalSection(ProjectConfigurationPlatforms) = postSolution
		{CDC29F03-BA02-43CA-89AB-D6A5BC839CA2}.Debug|x64.ActiveCfg = Debug|x64
		{CDC29F03-BA02-43CA-89AB-D6A5BC839CA2}.Debug|x64.Build.0 = Debug|x64
		{CDC29F03-BA02-43CA-89AB-D6A5BC839CA2}.Debug|x86.ActiveCfg = Debug|Win32
		{CDC29F03-BA02-43CA-89AB-D6A5BC839CA2}.Debug|x86.Build.0 = Debug|Win32
		{CDC29F03-BA02-43CA-89AB-D6A5BC839CA2}.Release|x64.ActiveCfg = Release|x64
		{CDC29F03-BA02-43CA-89AB-D6A5BC839CA2}.Release|x64.Build.0 = Release|x64
		{CDC29F03-BA02-43CA-89AB-D6A5BC839CA2}.Release|x86.ActiveCfg = Release|Win32
		{CDC29F03-BA02-43CA-89AB-D6A5BC839CA2}.Release|x86.Build.0 = Release|Win32
	EndGlobalSection
	GlobalSection(SolutionProperties) = preSolution
		HideSolutionNode = FALSE
	EndGlobalSection
	GlobalSection(ExtensibilityGlobals) = postSolution
		SolutionGuid = {103EEB76-FD3A-4799-9FAB-5CDAE12C19C1}
	EndGlobalSection
EndGlobal
