
Microsoft Visual Studio Solution File, Format Version 12.00
# Visual Studio Version 17
VisualStudioVersion = 17.9.34728.123
MinimumVisualStudioVersion = 10.0.40219.1
Project("{8BC9CEB8-8B4A-11D0-8D11-00A0C91BC942}") = "leetcode_Q1971", "leetcode_Q1971\leetcode_Q1971.vcxproj", "{EC34DA0A-7370-4E48-B8CB-99CF7902B425}"
EndProject
Global
	GlobalSection(SolutionConfigurationPlatforms) = preSolution
		Debug|x64 = Debug|x64
		Debug|x86 = Debug|x86
		Release|x64 = Release|x64
		Release|x86 = Release|x86
	EndGlobalSection
	GlobalSection(ProjectConfigurationPlatforms) = postSolution
		{EC34DA0A-7370-4E48-B8CB-99CF7902B425}.Debug|x64.ActiveCfg = Debug|x64
		{EC34DA0A-7370-4E48-B8CB-99CF7902B425}.Debug|x64.Build.0 = Debug|x64
		{EC34DA0A-7370-4E48-B8CB-99CF7902B425}.Debug|x86.ActiveCfg = Debug|Win32
		{EC34DA0A-7370-4E48-B8CB-99CF7902B425}.Debug|x86.Build.0 = Debug|Win32
		{EC34DA0A-7370-4E48-B8CB-99CF7902B425}.Release|x64.ActiveCfg = Release|x64
		{EC34DA0A-7370-4E48-B8CB-99CF7902B425}.Release|x64.Build.0 = Release|x64
		{EC34DA0A-7370-4E48-B8CB-99CF7902B425}.Release|x86.ActiveCfg = Release|Win32
		{EC34DA0A-7370-4E48-B8CB-99CF7902B425}.Release|x86.Build.0 = Release|Win32
	EndGlobalSection
	GlobalSection(SolutionProperties) = preSolution
		HideSolutionNode = FALSE
	EndGlobalSection
	GlobalSection(ExtensibilityGlobals) = postSolution
		SolutionGuid = {A5AF665B-45A0-488D-9ACB-C0FFB1253A23}
	EndGlobalSection
EndGlobal
