
Microsoft Visual Studio Solution File, Format Version 12.00
# Visual Studio Version 17
VisualStudioVersion = 17.8.34309.116
MinimumVisualStudioVersion = 10.0.40219.1
Project("{8BC9CEB8-8B4A-11D0-8D11-00A0C91BC942}") = "leetcode_Q0110", "leetcode_Q0110.vcxproj", "{179F1226-2378-4B1C-80FA-DCB9712E2674}"
EndProject
Global
	GlobalSection(SolutionConfigurationPlatforms) = preSolution
		Debug|x64 = Debug|x64
		Debug|x86 = Debug|x86
		Release|x64 = Release|x64
		Release|x86 = Release|x86
	EndGlobalSection
	GlobalSection(ProjectConfigurationPlatforms) = postSolution
		{179F1226-2378-4B1C-80FA-DCB9712E2674}.Debug|x64.ActiveCfg = Debug|x64
		{179F1226-2378-4B1C-80FA-DCB9712E2674}.Debug|x64.Build.0 = Debug|x64
		{179F1226-2378-4B1C-80FA-DCB9712E2674}.Debug|x86.ActiveCfg = Debug|Win32
		{179F1226-2378-4B1C-80FA-DCB9712E2674}.Debug|x86.Build.0 = Debug|Win32
		{179F1226-2378-4B1C-80FA-DCB9712E2674}.Release|x64.ActiveCfg = Release|x64
		{179F1226-2378-4B1C-80FA-DCB9712E2674}.Release|x64.Build.0 = Release|x64
		{179F1226-2378-4B1C-80FA-DCB9712E2674}.Release|x86.ActiveCfg = Release|Win32
		{179F1226-2378-4B1C-80FA-DCB9712E2674}.Release|x86.Build.0 = Release|Win32
	EndGlobalSection
	GlobalSection(SolutionProperties) = preSolution
		HideSolutionNode = FALSE
	EndGlobalSection
	GlobalSection(ExtensibilityGlobals) = postSolution
		SolutionGuid = {C5D52DE6-1732-46EA-A5B8-4540957206B3}
	EndGlobalSection
EndGlobal
