
Microsoft Visual Studio Solution File, Format Version 12.00
# Visual Studio Version 17
VisualStudioVersion = 17.9.34622.214
MinimumVisualStudioVersion = 10.0.40219.1
Project("{8BC9CEB8-8B4A-11D0-8D11-00A0C91BC942}") = "leetcode_Q0876", "leetcode_Q0876\leetcode_Q0876.vcxproj", "{D45AE63A-67A4-4F7F-BA71-79E4DAFE7AC2}"
EndProject
Global
	GlobalSection(SolutionConfigurationPlatforms) = preSolution
		Debug|x64 = Debug|x64
		Debug|x86 = Debug|x86
		Release|x64 = Release|x64
		Release|x86 = Release|x86
	EndGlobalSection
	GlobalSection(ProjectConfigurationPlatforms) = postSolution
		{D45AE63A-67A4-4F7F-BA71-79E4DAFE7AC2}.Debug|x64.ActiveCfg = Debug|x64
		{D45AE63A-67A4-4F7F-BA71-79E4DAFE7AC2}.Debug|x64.Build.0 = Debug|x64
		{D45AE63A-67A4-4F7F-BA71-79E4DAFE7AC2}.Debug|x86.ActiveCfg = Debug|Win32
		{D45AE63A-67A4-4F7F-BA71-79E4DAFE7AC2}.Debug|x86.Build.0 = Debug|Win32
		{D45AE63A-67A4-4F7F-BA71-79E4DAFE7AC2}.Release|x64.ActiveCfg = Release|x64
		{D45AE63A-67A4-4F7F-BA71-79E4DAFE7AC2}.Release|x64.Build.0 = Release|x64
		{D45AE63A-67A4-4F7F-BA71-79E4DAFE7AC2}.Release|x86.ActiveCfg = Release|Win32
		{D45AE63A-67A4-4F7F-BA71-79E4DAFE7AC2}.Release|x86.Build.0 = Release|Win32
	EndGlobalSection
	GlobalSection(SolutionProperties) = preSolution
		HideSolutionNode = FALSE
	EndGlobalSection
	GlobalSection(ExtensibilityGlobals) = postSolution
		SolutionGuid = {3945810F-16ED-45C2-8C2F-5C631DDD58CC}
	EndGlobalSection
EndGlobal
